absl-py==2.4.0
-e git+https://github.com/youliangtan/agentlace.git@cf2c337c5e3694cdbfc14831b239bd657bc4894d#egg=agentlace
annotated-types==0.7.0
astunparse==1.6.3
attrs==26.1.0
blinker==1.9.0
catkin-pkg==1.1.0
certifi==2026.5.20
cffi==2.0.0
cfgv==3.5.0
charset-normalizer==3.4.7
chex==0.1.90
click==8.4.1
cloudpickle==3.1.2
contourpy==1.3.2
cycler==0.12.1
decorator==5.3.1
defusedxml==0.7.1
distlib==0.4.0
distrax==0.1.5
distro==1.9.0
dm-tree==0.1.10
docutils==0.23
easyhid-ng==0.1.0
einops==0.8.2
etils==1.13.0
evdev==1.9.3
Farama-Notifications==0.0.6
filelock==3.29.0
Flask==3.1.3
flatbuffers==25.12.19
flax==0.10.6
fonttools==4.63.0
fsspec==2026.4.0
gast==0.7.0
gitdb==4.0.12
GitPython==3.1.50
google-pasta==0.2.0
grpcio==1.80.0
gym==0.26.2
gym-notices==0.1.0
gymnasium==0.29.1
h5py==3.14.0
hidapi==0.15.0
humanize==4.15.0
identify==2.6.19
idna==3.17
ImageIO==2.37.3
imageio-ffmpeg==0.6.0
importlib_resources==7.1.0
itsdangerous==2.2.0
jax==0.6.2
jax-cuda12-pjrt==0.6.2
jax-cuda12-plugin==0.6.2
jaxlib==0.6.2
Jinja2==3.1.6
keras==3.12.2
kiwisolver==1.5.0
libclang==18.1.1
lz4==4.4.5
markdown-it-py==4.2.0
MarkupSafe==3.0.3
matplotlib==3.10.9
mdurl==0.1.2
ml_collections==1.1.0
ml_dtypes==0.5.4
moviepy==2.2.1
msgpack==1.1.2
namex==0.1.0
natsort==8.4.0
nest-asyncio==1.6.0
nodeenv==1.10.0
numpy==2.2.6
nvidia-cublas-cu12==12.9.2.10
nvidia-cuda-cupti-cu12==12.9.79
nvidia-cuda-nvcc-cu12==12.9.86
nvidia-cuda-nvrtc-cu12==12.9.86
nvidia-cuda-runtime-cu12==12.9.79
nvidia-cudnn-cu12==9.23.0.39
nvidia-cufft-cu12==11.4.1.4
nvidia-cusolver-cu12==11.7.5.82
nvidia-cusparse-cu12==12.5.10.65
nvidia-nccl-cu12==2.30.4
nvidia-nvjitlink-cu12==12.9.86
opencv-python==4.11.0.86
opt_einsum==3.4.0
optax==0.2.5
optree==0.19.1
orbax-checkpoint==0.11.5
packaging==26.0
pillow==11.3.0
pip @ file:///home/task_178000891189050/croot/pip_1780008972213/work
platformdirs==4.10.0
pre-commit==3.3.3
proglog==0.1.12
protobuf==7.35.0
pycparser==3.0
pydantic==2.13.4
pydantic_core==2.46.4
Pygments==2.20.0
pymodbus==2.5.3
pynput==1.8.2
pyparsing==3.3.2
pyquaternion==0.9.9
pyrealsense2==2.58.1.10581
pyserial==3.5
pyspacemouse==2.0.0
python-dateutil==2.9.0.post0
python-discovery==1.4.0
python-dotenv==1.2.2
python-xlib==0.33
PyYAML==6.0.3
pyzmq==27.1.0
requests==2.34.2
rich==15.0.0
rospkg==1.6.1
scipy==1.15.3
sentry-sdk==2.61.0
-e git+https://github.com/rail-berkeley/hil-serl.git@c32939bccb65f3b8c43a9f9add3d322d4ab0264a#egg=serl_launcher&subdirectory=serl_launcher
serl_robot_infra==0.0.1
setuptools==82.0.1
simplejson==4.1.1
six==1.17.0
smmap==5.0.3
tensorflow==2.21.0
tensorflow-probability==0.25.0
tensorstore==0.1.78
termcolor==3.3.0
tf_keras==2.21.0
tomli==2.4.1
toolz==1.1.0
tqdm==4.67.3
typing==3.7.4.3
typing-inspection==0.4.2
typing_extensions==4.15.0
urllib3==2.7.0
virtualenv==21.4.1
wandb==0.27.0
Werkzeug==3.1.8
wheel==0.46.3
wrapt==2.2.1
zipp==4.1.0
zmq==0.0.0
